
Microsoft Visual Studio Solution File, Format Version 12.00
# Visual Studio Version 17
VisualStudioVersion = 17.0.31903.59
MinimumVisualStudioVersion = 10.0.40219.1
Project("{9A19103F-16F7-4668-BE54-9A1E7A4F7556}") = "DashBoardProject", "DashBoardProject\DashBoardProject.csproj", "{A4C9E6A4-8A80-416A-960A-6D0BBBF40B89}"
EndProject
Project("{FAE04EC0-301F-11D3-BF4B-00C04F79EFBC}") = "DashboardDAL", "DashboardDAL\DashboardDAL.csproj", "{55117ED3-F6BE-4260-A734-916067A6C130}"
EndProject
Project("{FAE04EC0-301F-11D3-BF4B-00C04F79EFBC}") = "dashboardBL", "dashboardBL\dashboardBL.csproj", "{DD48A84E-7A22-4800-9CF4-AB3AC6D304FC}"
EndProject
Global
	GlobalSection(SolutionConfigurationPlatforms) = preSolution
		Debug|Any CPU = Debug|Any CPU
		Release|Any CPU = Release|Any CPU
	EndGlobalSection
	GlobalSection(ProjectConfigurationPlatforms) = postSolution
		{A4C9E6A4-8A80-416A-960A-6D0BBBF40B89}.Debug|Any CPU.ActiveCfg = Debug|Any CPU
		{A4C9E6A4-8A80-416A-960A-6D0BBBF40B89}.Debug|Any CPU.Build.0 = Debug|Any CPU
		{A4C9E6A4-8A80-416A-960A-6D0BBBF40B89}.Release|Any CPU.ActiveCfg = Release|Any CPU
		{A4C9E6A4-8A80-416A-960A-6D0BBBF40B89}.Release|Any CPU.Build.0 = Release|Any CPU
		{55117ED3-F6BE-4260-A734-916067A6C130}.Debug|Any CPU.ActiveCfg = Debug|Any CPU
		{55117ED3-F6BE-4260-A734-916067A6C130}.Debug|Any CPU.Build.0 = Debug|Any CPU
		{55117ED3-F6BE-4260-A734-916067A6C130}.Release|Any CPU.ActiveCfg = Release|Any CPU
		{55117ED3-F6BE-4260-A734-916067A6C130}.Release|Any CPU.Build.0 = Release|Any CPU
		{DD48A84E-7A22-4800-9CF4-AB3AC6D304FC}.Debug|Any CPU.ActiveCfg = Debug|Any CPU
		{DD48A84E-7A22-4800-9CF4-AB3AC6D304FC}.Debug|Any CPU.Build.0 = Debug|Any CPU
		{DD48A84E-7A22-4800-9CF4-AB3AC6D304FC}.Release|Any CPU.ActiveCfg = Release|Any CPU
		{DD48A84E-7A22-4800-9CF4-AB3AC6D304FC}.Release|Any CPU.Build.0 = Release|Any CPU
	EndGlobalSection
	GlobalSection(SolutionProperties) = preSolution
		HideSolutionNode = FALSE
	EndGlobalSection
	GlobalSection(ExtensibilityGlobals) = postSolution
		SolutionGuid = {7DE3A309-3A3B-4C8A-820F-0EAFC4D9DC69}
	EndGlobalSection
EndGlobal
